
Microsoft Visual Studio Solution File, Format Version 12.00
# Visual Studio 14
VisualStudioVersion = 14.0.25420.1
MinimumVisualStudioVersion = 10.0.40219.1
Project("{FAE04EC0-301F-11D3-BF4B-00C04F79EFBC}") = "SimpleUnitTestProject1", "SimpleUnitTestProject1\SimpleUnitTestProject1.csproj", "{50B11D39-ECCB-4AFD-B9A3-D13723D4D012}"
EndProject
Project("{FAE04EC0-301F-11D3-BF4B-00C04F79EFBC}") = "SpecFlowTestProject", "SpecFlowTestProject\SpecFlowTestProject.csproj", "{8FAF4819-ECDA-46D8-9211-E67882BBF964}"
EndProject
Global
	GlobalSection(SolutionConfigurationPlatforms) = preSolution
		Debug|Any CPU = Debug|Any CPU
		Release|Any CPU = Release|Any CPU
	EndGlobalSection
	GlobalSection(ProjectConfigurationPlatforms) = postSolution
		{50B11D39-ECCB-4AFD-B9A3-D13723D4D012}.Debug|Any CPU.ActiveCfg = Debug|Any CPU
		{50B11D39-ECCB-4AFD-B9A3-D13723D4D012}.Debug|Any CPU.Build.0 = Debug|Any CPU
		{50B11D39-ECCB-4AFD-B9A3-D13723D4D012}.Release|Any CPU.ActiveCfg = Release|Any CPU
		{50B11D39-ECCB-4AFD-B9A3-D13723D4D012}.Release|Any CPU.Build.0 = Release|Any CPU
		{8FAF4819-ECDA-46D8-9211-E67882BBF964}.Debug|Any CPU.ActiveCfg = Debug|Any CPU
		{8FAF4819-ECDA-46D8-9211-E67882BBF964}.Debug|Any CPU.Build.0 = Debug|Any CPU
		{8FAF4819-ECDA-46D8-9211-E67882BBF964}.Release|Any CPU.ActiveCfg = Release|Any CPU
		{8FAF4819-ECDA-46D8-9211-E67882BBF964}.Release|Any CPU.Build.0 = Release|Any CPU
	EndGlobalSection
	GlobalSection(SolutionProperties) = preSolution
		HideSolutionNode = FALSE
	EndGlobalSection
EndGlobal
